
Microsoft Visual Studio Solution File, Format Version 12.00
# Visual Studio Version 16
VisualStudioVersion = 16.0.30011.22
MinimumVisualStudioVersion = 10.0.40219.1
Project("{FAE04EC0-301F-11D3-BF4B-00C04F79EFBC}") = "DZ_Less2_1", "DZ_Less\DZ_Less2_1.csproj", "{8AB07834-1D89-4E6E-9231-41DCFCC1B0F8}"
EndProject
Project("{FAE04EC0-301F-11D3-BF4B-00C04F79EFBC}") = "DZ_Less2_2", "DZ_Less2_2\DZ_Less2_2.csproj", "{9A033F4D-F590-4FD5-ACE9-FC1A73CC7D6D}"
EndProject
Project("{FAE04EC0-301F-11D3-BF4B-00C04F79EFBC}") = "DZ_Less2_3", "DZ_Less2_3\DZ_Less2_3.csproj", "{93714FA6-F26B-4995-B92A-0F88EB22740C}"
EndProject
Project("{FAE04EC0-301F-11D3-BF4B-00C04F79EFBC}") = "DZ_Less2_4", "DZ_Less2_4\DZ_Less2_4.csproj", "{420DD820-1C8A-4DCA-97F9-7647963C885D}"
EndProject
Project("{FAE04EC0-301F-11D3-BF4B-00C04F79EFBC}") = "DZ_Less2_5", "DZ_Less2_5\DZ_Less2_5.csproj", "{17218D1A-67B0-4BF0-AA4D-0DF36CF2FA3A}"
EndProject
Global
	GlobalSection(SolutionConfigurationPlatforms) = preSolution
		Debug|Any CPU = Debug|Any CPU
		Release|Any CPU = Release|Any CPU
	EndGlobalSection
	GlobalSection(ProjectConfigurationPlatforms) = postSolution
		{8AB07834-1D89-4E6E-9231-41DCFCC1B0F8}.Debug|Any CPU.ActiveCfg = Debug|Any CPU
		{8AB07834-1D89-4E6E-9231-41DCFCC1B0F8}.Debug|Any CPU.Build.0 = Debug|Any CPU
		{8AB07834-1D89-4E6E-9231-41DCFCC1B0F8}.Release|Any CPU.ActiveCfg = Release|Any CPU
		{8AB07834-1D89-4E6E-9231-41DCFCC1B0F8}.Release|Any CPU.Build.0 = Release|Any CPU
		{9A033F4D-F590-4FD5-ACE9-FC1A73CC7D6D}.Debug|Any CPU.ActiveCfg = Debug|Any CPU
		{9A033F4D-F590-4FD5-ACE9-FC1A73CC7D6D}.Debug|Any CPU.Build.0 = Debug|Any CPU
		{9A033F4D-F590-4FD5-ACE9-FC1A73CC7D6D}.Release|Any CPU.ActiveCfg = Release|Any CPU
		{9A033F4D-F590-4FD5-ACE9-FC1A73CC7D6D}.Release|Any CPU.Build.0 = Release|Any CPU
		{93714FA6-F26B-4995-B92A-0F88EB22740C}.Debug|Any CPU.ActiveCfg = Debug|Any CPU
		{93714FA6-F26B-4995-B92A-0F88EB22740C}.Debug|Any CPU.Build.0 = Debug|Any CPU
		{93714FA6-F26B-4995-B92A-0F88EB22740C}.Release|Any CPU.ActiveCfg = Release|Any CPU
		{93714FA6-F26B-4995-B92A-0F88EB22740C}.Release|Any CPU.Build.0 = Release|Any CPU
		{420DD820-1C8A-4DCA-97F9-7647963C885D}.Debug|Any CPU.ActiveCfg = Debug|Any CPU
		{420DD820-1C8A-4DCA-97F9-7647963C885D}.Debug|Any CPU.Build.0 = Debug|Any CPU
		{420DD820-1C8A-4DCA-97F9-7647963C885D}.Release|Any CPU.ActiveCfg = Release|Any CPU
		{420DD820-1C8A-4DCA-97F9-7647963C885D}.Release|Any CPU.Build.0 = Release|Any CPU
		{17218D1A-67B0-4BF0-AA4D-0DF36CF2FA3A}.Debug|Any CPU.ActiveCfg = Debug|Any CPU
		{17218D1A-67B0-4BF0-AA4D-0DF36CF2FA3A}.Debug|Any CPU.Build.0 = Debug|Any CPU
		{17218D1A-67B0-4BF0-AA4D-0DF36CF2FA3A}.Release|Any CPU.ActiveCfg = Release|Any CPU
		{17218D1A-67B0-4BF0-AA4D-0DF36CF2FA3A}.Release|Any CPU.Build.0 = Release|Any CPU
	EndGlobalSection
	GlobalSection(SolutionProperties) = preSolution
		HideSolutionNode = FALSE
	EndGlobalSection
	GlobalSection(ExtensibilityGlobals) = postSolution
		SolutionGuid = {15D8A68E-F251-4F97-8123-F9EEF5D7596F}
	EndGlobalSection
EndGlobal
