
Microsoft Visual Studio Solution File, Format Version 12.00
# Visual Studio Version 16
VisualStudioVersion = 16.0.30011.22
MinimumVisualStudioVersion = 10.0.40219.1
Project("{FAE04EC0-301F-11D3-BF4B-00C04F79EFBC}") = "DZ_Less4_1", "DZ_Less\DZ_Less4_1.csproj", "{8AB07834-1D89-4E6E-9231-41DCFCC1B0F8}"
EndProject
Project("{FAE04EC0-301F-11D3-BF4B-00C04F79EFBC}") = "DZ_Less4_2", "DZ_Less4_2\DZ_Less4_2.csproj", "{626CB14C-85EB-4294-BE04-5F1A0389A547}"
EndProject
Global
	GlobalSection(SolutionConfigurationPlatforms) = preSolution
		Debug|Any CPU = Debug|Any CPU
		Release|Any CPU = Release|Any CPU
	EndGlobalSection
	GlobalSection(ProjectConfigurationPlatforms) = postSolution
		{8AB07834-1D89-4E6E-9231-41DCFCC1B0F8}.Debug|Any CPU.ActiveCfg = Debug|Any CPU
		{8AB07834-1D89-4E6E-9231-41DCFCC1B0F8}.Debug|Any CPU.Build.0 = Debug|Any CPU
		{8AB07834-1D89-4E6E-9231-41DCFCC1B0F8}.Release|Any CPU.ActiveCfg = Release|Any CPU
		{8AB07834-1D89-4E6E-9231-41DCFCC1B0F8}.Release|Any CPU.Build.0 = Release|Any CPU
		{626CB14C-85EB-4294-BE04-5F1A0389A547}.Debug|Any CPU.ActiveCfg = Debug|Any CPU
		{626CB14C-85EB-4294-BE04-5F1A0389A547}.Debug|Any CPU.Build.0 = Debug|Any CPU
		{626CB14C-85EB-4294-BE04-5F1A0389A547}.Release|Any CPU.ActiveCfg = Release|Any CPU
		{626CB14C-85EB-4294-BE04-5F1A0389A547}.Release|Any CPU.Build.0 = Release|Any CPU
	EndGlobalSection
	GlobalSection(SolutionProperties) = preSolution
		HideSolutionNode = FALSE
	EndGlobalSection
	GlobalSection(ExtensibilityGlobals) = postSolution
		SolutionGuid = {15D8A68E-F251-4F97-8123-F9EEF5D7596F}
	EndGlobalSection
EndGlobal
